# This file was autogenerated by Stack.
# You should not edit this file by hand.
# For more information, please see the documentation at:
#   https://docs.haskellstack.org/en/stable/lock_files

packages:
- completed:
    hackage: refined-0.4.4@sha256:7dbbb741e397c61dc68a9c1d891b711344f8f1543f099bf012b54360a44a9ca0,2916
    pantry-tree:
      size: 788
      sha256: c103d3ae1233194c92c2843a08636e83ff025d02606345caf28b2324d65850a8
  original:
    hackage: refined-0.4.4
snapshots:
- completed:
    size: 524154
    url: https://raw.githubusercontent.com/commercialhaskell/stackage-snapshots/master/lts/14/20.yaml
    sha256: 2f5099f69ddb6abfe64400fe1e6a604e8e628f55e6837211cd70a81eb0a8fa4d
  original: lts-14.20
