# This file was autogenerated by Stack.
# You should not edit this file by hand.
# For more information, please see the documentation at:
#   https://docs.haskellstack.org/en/stable/lock_files

packages:
- completed:
    hackage: refined-0.5.1@sha256:acc9e941f7d83f9377a041c42dcdd32eabc8ecef920d0807659df00ecee3bada,2809
    pantry-tree:
      size: 622
      sha256: 40ed50ff95e24c2e64bc636ec68348942596051b5b422751c16365510bb5be94
  original:
    hackage: refined-0.5.1
- completed:
    hackage: these-skinny-0.7.4@sha256:e29336a1a70a497e09d8266f8438efb30a807bafaa6b00f5a136f7493efb3160,1239
    pantry-tree:
      size: 262
      sha256: 77f01554e40d8e910d00f95c35dde86df4f691e2955d9afdc16508114c4d1af2
  original:
    hackage: these-skinny-0.7.4
- completed:
    hackage: vinyl-0.13.0@sha256:0f247cd3f8682b30881a07de18e6fec52d540646fbcb328420049cc8d63cd407,3724
    pantry-tree:
      size: 1857
      sha256: 860fb95820b595161cdbdec5f376100ebae2d14e5ef0dbe311546202f7525d01
  original:
    hackage: vinyl-0.13.0
snapshots:
- completed:
    size: 531707
    url: https://raw.githubusercontent.com/commercialhaskell/stackage-snapshots/master/lts/16/5.yaml
    sha256: 9751e25e0af5713a53ddcfcc79564b082c71b1b357fadef0d85672a5b5ba3703
  original: lts-16.5
