# This file was autogenerated by Stack.
# You should not edit this file by hand.
# For more information, please see the documentation at:
#   https://docs.haskellstack.org/en/stable/lock_files

packages:
- completed:
    hackage: servant-blaze-0.9@sha256:c42249584d5585401508aa39fcd3d85de4ca69f8d426093e65e1f42a8562c95e,1577
    pantry-tree:
      size: 331
      sha256: 2b001b244e8df6a49b324b66bc284d47a7980aae00e4792c7c3d49d9f7c8aa1f
  original:
    hackage: servant-blaze-0.9
- completed:
    hackage: servant-server-0.18@sha256:ec7f361bc9848968b1fff8091fa2213b721d3f47549421945c6a7ca1702e22e6,5424
    pantry-tree:
      size: 2546
      sha256: c2470cd8665742cee13faae1db7e3d49d70b027d57c4578e3f7ba66ffc8dc7b4
  original:
    hackage: servant-server-0.18
- completed:
    hackage: servant-swagger-1.1.8@sha256:9b0282fce7e0895f7b6e47cfea461f59ba7a1cc98e20f5b4a66e7fa24897f361,4622
    pantry-tree:
      size: 1636
      sha256: 2f1a79c09eb4fff96e6f948f15ed5d17d10eeb52de9299d57d853dbaebbda26e
  original:
    hackage: servant-swagger-1.1.8
- completed:
    hackage: servant-swagger-ui-0.3.4.3.23.11@sha256:11a3df5c7a83f3d5dbb983c057245dd2fc1e2b7626252131e67f4a1e618cbdf2,1743
    pantry-tree:
      size: 799
      sha256: 9285a4a8fc74def5f45a232735cb2213f0e33fa0d41fd56f4fea13cd806f3ccd
  original:
    hackage: servant-swagger-ui-0.3.4.3.23.11
- completed:
    hackage: servant-swagger-ui-core-0.3.3@sha256:17d088983a9c90a2c0184ba49f85846f4176208a9cd445140b668f51fcc1a37b,1738
    pantry-tree:
      size: 243
      sha256: 70bf33e79af20406b0b051e845bcf1b9a5d641278cca7d9b1212591445f017ee
  original:
    hackage: servant-swagger-ui-core-0.3.3
snapshots:
- completed:
    size: 520654
    url: https://raw.githubusercontent.com/commercialhaskell/stackage-snapshots/master/nightly/2020/8/13.yaml
    sha256: 45dc3acb60203159f6b7f0f9561e328f62d697f3004a7224fd7737dd896fad4d
  original: nightly-2020-08-13
