# This file was autogenerated by Stack.
# You should not edit this file by hand.
# For more information, please see the documentation at:
#   https://docs.haskellstack.org/en/stable/lock_files

packages:
- completed:
    hackage: lens-5.0.1@sha256:d44156c542b1630337a07cac5824f1846badeb59043adbe8c4e9ed1da89cc13d,15026
    pantry-tree:
      size: 8291
      sha256: 017fcde6fd1f792bc7509375c8aacbbd09b62f16b215e1ae3a261aa642b564b0
  original:
    hackage: lens-5.0.1
- completed:
    hackage: opaleye-0.6.7006.1@sha256:06c8d8808aedabb065ce26387285b5f2d3320b801f818899cced186dc645dc34,5725
    pantry-tree:
      size: 5535
      sha256: 6a2d72804e9d87e1a9afe280a2a49838ee7771e640a4ef429c3b52e41f9c44c4
  original:
    hackage: opaleye-0.6.7006.1
snapshots:
- completed:
    size: 576531
    url: https://raw.githubusercontent.com/commercialhaskell/stackage-snapshots/master/nightly/2021/4/6.yaml
    sha256: 6ce168aed6ba23cfe148061587ba1c0f24a09d4cad8b1a5a29b21878e33d6ef4
  original: nightly-2021-04-06
